{
  "pins" : [
    {
      "identity" : "nnswiftuikit",
      "kind" : "remoteSourceControl",
      "location" : "https://github.com/nikolainobadi/NnSwiftUIKit",
      "state" : {
        "branch" : "main",
        "revision" : "4ec7cc6cef182eca2055a87876a6972fa2989332"
      }
    }
  ],
  "version" : 2
}
