{
  "pins" : [
    {
      "identity" : "nnswiftuikit",
      "kind" : "remoteSourceControl",
      "location" : "https://github.com/nikolainobadi/NnSwiftUIKit",
      "state" : {
        "branch" : "main",
        "revision" : "5608750dcb3bfdee1708fbd95653b83bb935ae4a"
      }
    }
  ],
  "version" : 2
}
