{
  "pins" : [
    {
      "identity" : "nnswiftuikit",
      "kind" : "remoteSourceControl",
      "location" : "https://github.com/nikolainobadi/NnSwiftUIKit",
      "state" : {
        "branch" : "main",
        "revision" : "b12d70f4734d006d8fec11130bfae392f5bb9ebc"
      }
    }
  ],
  "version" : 2
}
